
Microsoft Visual Studio Solution File, Format Version 12.00
# Visual Studio Version 16
VisualStudioVersion = 16.0.29911.84
MinimumVisualStudioVersion = 10.0.40219.1
Project("{FAE04EC0-301F-11D3-BF4B-00C04F79EFBC}") = "IIR_Butterworth_CS_Library", "IIR_Butterworth_CS_Library.csproj", "{F0F7A505-EE76-4DD7-ABC8-BAFD4D2C731A}"
EndProject
Global
	GlobalSection(SolutionConfigurationPlatforms) = preSolution
		Debug|Any CPU = Debug|Any CPU
		Release|Any CPU = Release|Any CPU
	EndGlobalSection
	GlobalSection(ProjectConfigurationPlatforms) = postSolution
		{F0F7A505-EE76-4DD7-ABC8-BAFD4D2C731A}.Debug|Any CPU.ActiveCfg = Debug|Any CPU
		{F0F7A505-EE76-4DD7-ABC8-BAFD4D2C731A}.Debug|Any CPU.Build.0 = Debug|Any CPU
		{F0F7A505-EE76-4DD7-ABC8-BAFD4D2C731A}.Release|Any CPU.ActiveCfg = Release|Any CPU
		{F0F7A505-EE76-4DD7-ABC8-BAFD4D2C731A}.Release|Any CPU.Build.0 = Release|Any CPU
	EndGlobalSection
	GlobalSection(SolutionProperties) = preSolution
		HideSolutionNode = FALSE
	EndGlobalSection
	GlobalSection(ExtensibilityGlobals) = postSolution
		SolutionGuid = {8CF1C03F-BBD3-4135-8C25-F24879302B39}
	EndGlobalSection
EndGlobal
